// !$*UTF8*$!
{
	archiveVersion = 1;
	classes = {
	};
	objectVersion = 50;
	objects = {

/* Begin PBXBuildFile section */
		1B309DD12200333600535245 /* AppDelegate.swift in Sources */ = {isa = PBXBuildFile; fileRef = 1B309DD02200333600535245 /* AppDelegate.swift */; };
		1B309DD32200333600535245 /* TestingViewController.swift in Sources */ = {isa = PBXBuildFile; fileRef = 1B309DD22200333600535245 /* TestingViewController.swift */; };
		1B309DD62200333600535245 /* Main.storyboard in Resources */ = {isa = PBXBuildFile; fileRef = 1B309DD42200333600535245 /* Main.storyboard */; };
		1B309DD82200333800535245 /* Assets.xcassets in Resources */ = {isa = PBXBuildFile; fileRef = 1B309DD72200333800535245 /* Assets.xcassets */; };
		1B309DDB2200333800535245 /* LaunchScreen.storyboard in Resources */ = {isa = PBXBuildFile; fileRef = 1B309DD92200333800535245 /* LaunchScreen.storyboard */; };
		1B309DE62200333800535245 /* DS_ALGOTests.swift in Sources */ = {isa = PBXBuildFile; fileRef = 1B309DE52200333800535245 /* DS_ALGOTests.swift */; };
		1B309DF12200333800535245 /* DS_ALGOUITests.swift in Sources */ = {isa = PBXBuildFile; fileRef = 1B309DF02200333800535245 /* DS_ALGOUITests.swift */; };
		1B309E00220037CD00535245 /* BasicSorting.swift in Sources */ = {isa = PBXBuildFile; fileRef = 1B309DFF220037CD00535245 /* BasicSorting.swift */; };
		1B309E022200584A00535245 /* Merge:QuickSort.swift in Sources */ = {isa = PBXBuildFile; fileRef = 1B309E012200584A00535245 /* Merge:QuickSort.swift */; };
		1BAED9B42213ED9000402F26 /* JsonFile.json in Resources */ = {isa = PBXBuildFile; fileRef = 1BAED9B32213ED9000402F26 /* JsonFile.json */; };
		1BBCE4042202BFF700CAC96E /* Stacks:Queues.swift in Sources */ = {isa = PBXBuildFile; fileRef = 1BBCE4032202BFF700CAC96E /* Stacks:Queues.swift */; };
/* End PBXBuildFile section */

/* Begin PBXContainerItemProxy section */
		1B309DE22200333800535245 /* PBXContainerItemProxy */ = {
			isa = PBXContainerItemProxy;
			containerPortal = 1B309DC52200333600535245 /* Project object */;
			proxyType = 1;
			remoteGlobalIDString = 1B309DCC2200333600535245;
			remoteInfo = "DS-ALGO";
		};
		1B309DED2200333800535245 /* PBXContainerItemProxy */ = {
			isa = PBXContainerItemProxy;
			containerPortal = 1B309DC52200333600535245 /* Project object */;
			proxyType = 1;
			remoteGlobalIDString = 1B309DCC2200333600535245;
			remoteInfo = "DS-ALGO";
		};
/* End PBXContainerItemProxy section */

/* Begin PBXFileReference section */
		1B309DCD2200333600535245 /* DS-ALGO.app */ = {isa = PBXFileReference; explicitFileType = wrapper.application; includeInIndex = 0; path = "DS-ALGO.app"; sourceTree = BUILT_PRODUCTS_DIR; };
		1B309DD02200333600535245 /* AppDelegate.swift */ = {isa = PBXFileReference; lastKnownFileType = sourcecode.swift; path = AppDelegate.swift; sourceTree = "<group>"; };
		1B309DD22200333600535245 /* TestingViewController.swift */ = {isa = PBXFileReference; lastKnownFileType = sourcecode.swift; path = TestingViewController.swift; sourceTree = "<group>"; };
		1B309DD52200333600535245 /* Base */ = {isa = PBXFileReference; lastKnownFileType = file.storyboard; name = Base; path = Base.lproj/Main.storyboard; sourceTree = "<group>"; };
		1B309DD72200333800535245 /* Assets.xcassets */ = {isa = PBXFileReference; lastKnownFileType = folder.assetcatalog; path = Assets.xcassets; sourceTree = "<group>"; };
		1B309DDA2200333800535245 /* Base */ = {isa = PBXFileReference; lastKnownFileType = file.storyboard; name = Base; path = Base.lproj/LaunchScreen.storyboard; sourceTree = "<group>"; };
		1B309DDC2200333800535245 /* Info.plist */ = {isa = PBXFileReference; lastKnownFileType = text.plist.xml; path = Info.plist; sourceTree = "<group>"; };
		1B309DE12200333800535245 /* DS-ALGOTests.xctest */ = {isa = PBXFileReference; explicitFileType = wrapper.cfbundle; includeInIndex = 0; path = "DS-ALGOTests.xctest"; sourceTree = BUILT_PRODUCTS_DIR; };
		1B309DE52200333800535245 /* DS_ALGOTests.swift */ = {isa = PBXFileReference; lastKnownFileType = sourcecode.swift; path = DS_ALGOTests.swift; sourceTree = "<group>"; };
		1B309DE72200333800535245 /* Info.plist */ = {isa = PBXFileReference; lastKnownFileType = text.plist.xml; path = Info.plist; sourceTree = "<group>"; };
		1B309DEC2200333800535245 /* DS-ALGOUITests.xctest */ = {isa = PBXFileReference; explicitFileType = wrapper.cfbundle; includeInIndex = 0; path = "DS-ALGOUITests.xctest"; sourceTree = BUILT_PRODUCTS_DIR; };
		1B309DF02200333800535245 /* DS_ALGOUITests.swift */ = {isa = PBXFileReference; lastKnownFileType = sourcecode.swift; path = DS_ALGOUITests.swift; sourceTree = "<group>"; };
		1B309DF22200333800535245 /* Info.plist */ = {isa = PBXFileReference; lastKnownFileType = text.plist.xml; path = Info.plist; sourceTree = "<group>"; };
		1B309DFF220037CD00535245 /* BasicSorting.swift */ = {isa = PBXFileReference; lastKnownFileType = sourcecode.swift; path = BasicSorting.swift; sourceTree = "<group>"; };
		1B309E012200584A00535245 /* Merge:QuickSort.swift */ = {isa = PBXFileReference; lastKnownFileType = sourcecode.swift; path = "Merge:QuickSort.swift"; sourceTree = "<group>"; };
		1BAED9B32213ED9000402F26 /* JsonFile.json */ = {isa = PBXFileReference; lastKnownFileType = text.json; path = JsonFile.json; sourceTree = "<group>"; };
		1BBCE4032202BFF700CAC96E /* Stacks:Queues.swift */ = {isa = PBXFileReference; lastKnownFileType = sourcecode.swift; path = "Stacks:Queues.swift"; sourceTree = "<group>"; };
/* End PBXFileReference section */

/* Begin PBXFrameworksBuildPhase section */
		1B309DCA2200333600535245 /* Frameworks */ = {
			isa = PBXFrameworksBuildPhase;
			buildActionMask = 2147483647;
			files = (
			);
			runOnlyForDeploymentPostprocessing = 0;
		};
		1B309DDE2200333800535245 /* Frameworks */ = {
			isa = PBXFrameworksBuildPhase;
			buildActionMask = 2147483647;
			files = (
			);
			runOnlyForDeploymentPostprocessing = 0;
		};
		1B309DE92200333800535245 /* Frameworks */ = {
			isa = PBXFrameworksBuildPhase;
			buildActionMask = 2147483647;
			files = (
			);
			runOnlyForDeploymentPostprocessing = 0;
		};
/* End PBXFrameworksBuildPhase section */

/* Begin PBXGroup section */
		1B309DC42200333600535245 = {
			isa = PBXGroup;
			children = (
				1B309DCF2200333600535245 /* DS-ALGO */,
				1B309DE42200333800535245 /* DS-ALGOTests */,
				1B309DEF2200333800535245 /* DS-ALGOUITests */,
				1B309DCE2200333600535245 /* Products */,
			);
			sourceTree = "<group>";
		};
		1B309DCE2200333600535245 /* Products */ = {
			isa = PBXGroup;
			children = (
				1B309DCD2200333600535245 /* DS-ALGO.app */,
				1B309DE12200333800535245 /* DS-ALGOTests.xctest */,
				1B309DEC2200333800535245 /* DS-ALGOUITests.xctest */,
			);
			name = Products;
			sourceTree = "<group>";
		};
		1B309DCF2200333600535245 /* DS-ALGO */ = {
			isa = PBXGroup;
			children = (
				1B309DFE220037A400535245 /* Sorting */,
				1B309DD02200333600535245 /* AppDelegate.swift */,
				1B309DD22200333600535245 /* TestingViewController.swift */,
				1BAED9B32213ED9000402F26 /* JsonFile.json */,
				1B309DD42200333600535245 /* Main.storyboard */,
				1B309DD72200333800535245 /* Assets.xcassets */,
				1B309DD92200333800535245 /* LaunchScreen.storyboard */,
				1B309DDC2200333800535245 /* Info.plist */,
			);
			path = "DS-ALGO";
			sourceTree = "<group>";
		};
		1B309DE42200333800535245 /* DS-ALGOTests */ = {
			isa = PBXGroup;
			children = (
				1B309DE52200333800535245 /* DS_ALGOTests.swift */,
				1B309DE72200333800535245 /* Info.plist */,
			);
			path = "DS-ALGOTests";
			sourceTree = "<group>";
		};
		1B309DEF2200333800535245 /* DS-ALGOUITests */ = {
			isa = PBXGroup;
			children = (
				1B309DF02200333800535245 /* DS_ALGOUITests.swift */,
				1B309DF22200333800535245 /* Info.plist */,
			);
			path = "DS-ALGOUITests";
			sourceTree = "<group>";
		};
		1B309DFE220037A400535245 /* Sorting */ = {
			isa = PBXGroup;
			children = (
				1B309DFF220037CD00535245 /* BasicSorting.swift */,
				1B309E012200584A00535245 /* Merge:QuickSort.swift */,
				1BBCE4032202BFF700CAC96E /* Stacks:Queues.swift */,
			);
			path = Sorting;
			sourceTree = "<group>";
		};
/* End PBXGroup section */

/* Begin PBXNativeTarget section */
		1B309DCC2200333600535245 /* DS-ALGO */ = {
			isa = PBXNativeTarget;
			buildConfigurationList = 1B309DF52200333800535245 /* Build configuration list for PBXNativeTarget "DS-ALGO" */;
			buildPhases = (
				1B309DC92200333600535245 /* Sources */,
				1B309DCA2200333600535245 /* Frameworks */,
				1B309DCB2200333600535245 /* Resources */,
			);
			buildRules = (
			);
			dependencies = (
			);
			name = "DS-ALGO";
			productName = "DS-ALGO";
			productReference = 1B309DCD2200333600535245 /* DS-ALGO.app */;
			productType = "com.apple.product-type.application";
		};
		1B309DE02200333800535245 /* DS-ALGOTests */ = {
			isa = PBXNativeTarget;
			buildConfigurationList = 1B309DF82200333800535245 /* Build configuration list for PBXNativeTarget "DS-ALGOTests" */;
			buildPhases = (
				1B309DDD2200333800535245 /* Sources */,
				1B309DDE2200333800535245 /* Frameworks */,
				1B309DDF2200333800535245 /* Resources */,
			);
			buildRules = (
			);
			dependencies = (
				1B309DE32200333800535245 /* PBXTargetDependency */,
			);
			name = "DS-ALGOTests";
			productName = "DS-ALGOTests";
			productReference = 1B309DE12200333800535245 /* DS-ALGOTests.xctest */;
			productType = "com.apple.product-type.bundle.unit-test";
		};
		1B309DEB2200333800535245 /* DS-ALGOUITests */ = {
			isa = PBXNativeTarget;
			buildConfigurationList = 1B309DFB2200333800535245 /* Build configuration list for PBXNativeTarget "DS-ALGOUITests" */;
			buildPhases = (
				1B309DE82200333800535245 /* Sources */,
				1B309DE92200333800535245 /* Frameworks */,
				1B309DEA2200333800535245 /* Resources */,
			);
			buildRules = (
			);
			dependencies = (
				1B309DEE2200333800535245 /* PBXTargetDependency */,
			);
			name = "DS-ALGOUITests";
			productName = "DS-ALGOUITests";
			productReference = 1B309DEC2200333800535245 /* DS-ALGOUITests.xctest */;
			productType = "com.apple.product-type.bundle.ui-testing";
		};
/* End PBXNativeTarget section */

/* Begin PBXProject section */
		1B309DC52200333600535245 /* Project object */ = {
			isa = PBXProject;
			attributes = {
				LastSwiftUpdateCheck = 1000;
				LastUpgradeCheck = 1000;
				ORGANIZATIONNAME = "Shreesha Kedlaya";
				TargetAttributes = {
					1B309DCC2200333600535245 = {
						CreatedOnToolsVersion = 10.0;
					};
					1B309DE02200333800535245 = {
						CreatedOnToolsVersion = 10.0;
						TestTargetID = 1B309DCC2200333600535245;
					};
					1B309DEB2200333800535245 = {
						CreatedOnToolsVersion = 10.0;
						TestTargetID = 1B309DCC2200333600535245;
					};
				};
			};
			buildConfigurationList = 1B309DC82200333600535245 /* Build configuration list for PBXProject "DS-ALGO" */;
			compatibilityVersion = "Xcode 9.3";
			developmentRegion = en;
			hasScannedForEncodings = 0;
			knownRegions = (
				en,
				Base,
			);
			mainGroup = 1B309DC42200333600535245;
			productRefGroup = 1B309DCE2200333600535245 /* Products */;
			projectDirPath = "";
			projectRoot = "";
			targets = (
				1B309DCC2200333600535245 /* DS-ALGO */,
				1B309DE02200333800535245 /* DS-ALGOTests */,
				1B309DEB2200333800535245 /* DS-ALGOUITests */,
			);
		};
/* End PBXProject section */

/* Begin PBXResourcesBuildPhase section */
		1B309DCB2200333600535245 /* Resources */ = {
			isa = PBXResourcesBuildPhase;
			buildActionMask = 2147483647;
			files = (
				1B309DDB2200333800535245 /* LaunchScreen.storyboard in Resources */,
				1B309DD82200333800535245 /* Assets.xcassets in Resources */,
				1B309DD62200333600535245 /* Main.storyboard in Resources */,
				1BAED9B42213ED9000402F26 /* JsonFile.json in Resources */,
			);
			runOnlyForDeploymentPostprocessing = 0;
		};
		1B309DDF2200333800535245 /* Resources */ = {
			isa = PBXResourcesBuildPhase;
			buildActionMask = 2147483647;
			files = (
			);
			runOnlyForDeploymentPostprocessing = 0;
		};
		1B309DEA2200333800535245 /* Resources */ = {
			isa = PBXResourcesBuildPhase;
			buildActionMask = 2147483647;
			files = (
			);
			runOnlyForDeploymentPostprocessing = 0;
		};
/* End PBXResourcesBuildPhase section */

/* Begin PBXSourcesBuildPhase section */
		1B309DC92200333600535245 /* Sources */ = {
			isa = PBXSourcesBuildPhase;
			buildActionMask = 2147483647;
			files = (
				1B309E00220037CD00535245 /* BasicSorting.swift in Sources */,
				1BBCE4042202BFF700CAC96E /* Stacks:Queues.swift in Sources */,
				1B309DD32200333600535245 /* TestingViewController.swift in Sources */,
				1B309DD12200333600535245 /* AppDelegate.swift in Sources */,
				1B309E022200584A00535245 /* Merge:QuickSort.swift in Sources */,
			);
			runOnlyForDeploymentPostprocessing = 0;
		};
		1B309DDD2200333800535245 /* Sources */ = {
			isa = PBXSourcesBuildPhase;
			buildActionMask = 2147483647;
			files = (
				1B309DE62200333800535245 /* DS_ALGOTests.swift in Sources */,
			);
			runOnlyForDeploymentPostprocessing = 0;
		};
		1B309DE82200333800535245 /* Sources */ = {
			isa = PBXSourcesBuildPhase;
			buildActionMask = 2147483647;
			files = (
				1B309DF12200333800535245 /* DS_ALGOUITests.swift in Sources */,
			);
			runOnlyForDeploymentPostprocessing = 0;
		};
/* End PBXSourcesBuildPhase section */

/* Begin PBXTargetDependency section */
		1B309DE32200333800535245 /* PBXTargetDependency */ = {
			isa = PBXTargetDependency;
			target = 1B309DCC2200333600535245 /* DS-ALGO */;
			targetProxy = 1B309DE22200333800535245 /* PBXContainerItemProxy */;
		};
		1B309DEE2200333800535245 /* PBXTargetDependency */ = {
			isa = PBXTargetDependency;
			target = 1B309DCC2200333600535245 /* DS-ALGO */;
			targetProxy = 1B309DED2200333800535245 /* PBXContainerItemProxy */;
		};
/* End PBXTargetDependency section */

/* Begin PBXVariantGroup section */
		1B309DD42200333600535245 /* Main.storyboard */ = {
			isa = PBXVariantGroup;
			children = (
				1B309DD52200333600535245 /* Base */,
			);
			name = Main.storyboard;
			sourceTree = "<group>";
		};
		1B309DD92200333800535245 /* LaunchScreen.storyboard */ = {
			isa = PBXVariantGroup;
			children = (
				1B309DDA2200333800535245 /* Base */,
			);
			name = LaunchScreen.storyboard;
			sourceTree = "<group>";
		};
/* End PBXVariantGroup section */

/* Begin XCBuildConfiguration section */
		1B309DF32200333800535245 /* Debug */ = {
			isa = XCBuildConfiguration;
			buildSettings = {
				ALWAYS_SEARCH_USER_PATHS = NO;
				CLANG_ANALYZER_NONNULL = YES;
				CLANG_ANALYZER_NUMBER_OBJECT_CONVERSION = YES_AGGRESSIVE;
				CLANG_CXX_LANGUAGE_STANDARD = "gnu++14";
				CLANG_CXX_LIBRARY = "libc++";
				CLANG_ENABLE_MODULES = YES;
				CLANG_ENABLE_OBJC_ARC = YES;
				CLANG_ENABLE_OBJC_WEAK = YES;
				CLANG_WARN_BLOCK_CAPTURE_AUTORELEASING = YES;
				CLANG_WARN_BOOL_CONVERSION = YES;
				CLANG_WARN_COMMA = YES;
				CLANG_WARN_CONSTANT_CONVERSION = YES;
				CLANG_WARN_DEPRECATED_OBJC_IMPLEMENTATIONS = YES;
				CLANG_WARN_DIRECT_OBJC_ISA_USAGE = YES_ERROR;
				CLANG_WARN_DOCUMENTATION_COMMENTS = YES;
				CLANG_WARN_EMPTY_BODY = YES;
				CLANG_WARN_ENUM_CONVERSION = YES;
				CLANG_WARN_INFINITE_RECURSION = YES;
				CLANG_WARN_INT_CONVERSION = YES;
				CLANG_WARN_NON_LITERAL_NULL_CONVERSION = YES;
				CLANG_WARN_OBJC_IMPLICIT_RETAIN_SELF = YES;
				CLANG_WARN_OBJC_LITERAL_CONVERSION = YES;
				CLANG_WARN_OBJC_ROOT_CLASS = YES_ERROR;
				CLANG_WARN_RANGE_LOOP_ANALYSIS = YES;
				CLANG_WARN_STRICT_PROTOTYPES = YES;
				CLANG_WARN_SUSPICIOUS_MOVE = YES;
				CLANG_WARN_UNGUARDED_AVAILABILITY = YES_AGGRESSIVE;
				CLANG_WARN_UNREACHABLE_CODE = YES;
				CLANG_WARN__DUPLICATE_METHOD_MATCH = YES;
				CODE_SIGN_IDENTITY = "iPhone Developer";
				COPY_PHASE_STRIP = NO;
				DEBUG_INFORMATION_FORMAT = dwarf;
				ENABLE_STRICT_OBJC_MSGSEND = YES;
				ENABLE_TESTABILITY = YES;
				GCC_C_LANGUAGE_STANDARD = gnu11;
				GCC_DYNAMIC_NO_PIC = NO;
				GCC_NO_COMMON_BLOCKS = YES;
				GCC_OPTIMIZATION_LEVEL = 0;
				GCC_PREPROCESSOR_DEFINITIONS = (
					"DEBUG=1",
					"$(inherited)",
				);
				GCC_WARN_64_TO_32_BIT_CONVERSION = YES;
				GCC_WARN_ABOUT_RETURN_TYPE = YES_ERROR;
				GCC_WARN_UNDECLARED_SELECTOR = YES;
				GCC_WARN_UNINITIALIZED_AUTOS = YES_AGGRESSIVE;
				GCC_WARN_UNUSED_FUNCTION = YES;
				GCC_WARN_UNUSED_VARIABLE = YES;
				IPHONEOS_DEPLOYMENT_TARGET = 12.0;
				MTL_ENABLE_DEBUG_INFO = INCLUDE_SOURCE;
				MTL_FAST_MATH = YES;
				ONLY_ACTIVE_ARCH = YES;
				SDKROOT = iphoneos;
				SWIFT_ACTIVE_COMPILATION_CONDITIONS = DEBUG;
				SWIFT_OPTIMIZATION_LEVEL = "-Onone";
			};
			name = Debug;
		};
		1B309DF42200333800535245 /* Release */ = {
			isa = XCBuildConfiguration;
			buildSettings = {
				ALWAYS_SEARCH_USER_PATHS = NO;
				CLANG_ANALYZER_NONNULL = YES;
				CLANG_ANALYZER_NUMBER_OBJECT_CONVERSION = YES_AGGRESSIVE;
				CLANG_CXX_LANGUAGE_STANDARD = "gnu++14";
				CLANG_CXX_LIBRARY = "libc++";
				CLANG_ENABLE_MODULES = YES;
				CLANG_ENABLE_OBJC_ARC = YES;
				CLANG_ENABLE_OBJC_WEAK = YES;
				CLANG_WARN_BLOCK_CAPTURE_AUTORELEASING = YES;
				CLANG_WARN_BOOL_CONVERSION = YES;
				CLANG_WARN_COMMA = YES;
				CLANG_WARN_CONSTANT_CONVERSION = YES;
				CLANG_WARN_DEPRECATED_OBJC_IMPLEMENTATIONS = YES;
				CLANG_WARN_DIRECT_OBJC_ISA_USAGE = YES_ERROR;
				CLANG_WARN_DOCUMENTATION_COMMENTS = YES;
				CLANG_WARN_EMPTY_BODY = YES;
				CLANG_WARN_ENUM_CONVERSION = YES;
				CLANG_WARN_INFINITE_RECURSION = YES;
				CLANG_WARN_INT_CONVERSION = YES;
				CLANG_WARN_NON_LITERAL_NULL_CONVERSION = YES;
				CLANG_WARN_OBJC_IMPLICIT_RETAIN_SELF = YES;
				CLANG_WARN_OBJC_LITERAL_CONVERSION = YES;
				CLANG_WARN_OBJC_ROOT_CLASS = YES_ERROR;
				CLANG_WARN_RANGE_LOOP_ANALYSIS = YES;
				CLANG_WARN_STRICT_PROTOTYPES = YES;
				CLANG_WARN_SUSPICIOUS_MOVE = YES;
				CLANG_WARN_UNGUARDED_AVAILABILITY = YES_AGGRESSIVE;
				CLANG_WARN_UNREACHABLE_CODE = YES;
				CLANG_WARN__DUPLICATE_METHOD_MATCH = YES;
				CODE_SIGN_IDENTITY = "iPhone Developer";
				COPY_PHASE_STRIP = NO;
				DEBUG_INFORMATION_FORMAT = "dwarf-with-dsym";
				ENABLE_NS_ASSERTIONS = NO;
				ENABLE_STRICT_OBJC_MSGSEND = YES;
				GCC_C_LANGUAGE_STANDARD = gnu11;
				GCC_NO_COMMON_BLOCKS = YES;
				GCC_WARN_64_TO_32_BIT_CONVERSION = YES;
				GCC_WARN_ABOUT_RETURN_TYPE = YES_ERROR;
				GCC_WARN_UNDECLARED_SELECTOR = YES;
				GCC_WARN_UNINITIALIZED_AUTOS = YES_AGGRESSIVE;
				GCC_WARN_UNUSED_FUNCTION = YES;
				GCC_WARN_UNUSED_VARIABLE = YES;
				IPHONEOS_DEPLOYMENT_TARGET = 12.0;
				MTL_ENABLE_DEBUG_INFO = NO;
				MTL_FAST_MATH = YES;
				SDKROOT = iphoneos;
				SWIFT_COMPILATION_MODE = wholemodule;
				SWIFT_OPTIMIZATION_LEVEL = "-O";
				VALIDATE_PRODUCT = YES;
			};
			name = Release;
		};
		1B309DF62200333800535245 /* Debug */ = {
			isa = XCBuildConfiguration;
			buildSettings = {
				ASSETCATALOG_COMPILER_APPICON_NAME = AppIcon;
				CODE_SIGN_STYLE = Manual;
				DEVELOPMENT_TEAM = "";
				INFOPLIST_FILE = "DS-ALGO/Info.plist";
				LD_RUNPATH_SEARCH_PATHS = (
					"$(inherited)",
					"@executable_path/Frameworks",
				);
				PRODUCT_BUNDLE_IDENTIFIER = "Viacom.DS-ALGO";
				PRODUCT_NAME = "$(TARGET_NAME)";
				PROVISIONING_PROFILE_SPECIFIER = "";
				SWIFT_VERSION = 4.2;
				TARGETED_DEVICE_FAMILY = "1,2";
			};
			name = Debug;
		};
		1B309DF72200333800535245 /* Release */ = {
			isa = XCBuildConfiguration;
			buildSettings = {
				ASSETCATALOG_COMPILER_APPICON_NAME = AppIcon;
				CODE_SIGN_STYLE = Manual;
				DEVELOPMENT_TEAM = "";
				INFOPLIST_FILE = "DS-ALGO/Info.plist";
				LD_RUNPATH_SEARCH_PATHS = (
					"$(inherited)",
					"@executable_path/Frameworks",
				);
				PRODUCT_BUNDLE_IDENTIFIER = "Viacom.DS-ALGO";
				PRODUCT_NAME = "$(TARGET_NAME)";
				PROVISIONING_PROFILE_SPECIFIER = "";
				SWIFT_VERSION = 4.2;
				TARGETED_DEVICE_FAMILY = "1,2";
			};
			name = Release;
		};
		1B309DF92200333800535245 /* Debug */ = {
			isa = XCBuildConfiguration;
			buildSettings = {
				ALWAYS_EMBED_SWIFT_STANDARD_LIBRARIES = YES;
				BUNDLE_LOADER = "$(TEST_HOST)";
				CODE_SIGN_STYLE = Automatic;
				DEVELOPMENT_TEAM = 9ANM49J4VY;
				INFOPLIST_FILE = "DS-ALGOTests/Info.plist";
				LD_RUNPATH_SEARCH_PATHS = (
					"$(inherited)",
					"@executable_path/Frameworks",
					"@loader_path/Frameworks",
				);
				PRODUCT_BUNDLE_IDENTIFIER = "Viacom.DS-ALGOTests";
				PRODUCT_NAME = "$(TARGET_NAME)";
				SWIFT_VERSION = 4.2;
				TARGETED_DEVICE_FAMILY = "1,2";
				TEST_HOST = "$(BUILT_PRODUCTS_DIR)/DS-ALGO.app/DS-ALGO";
			};
			name = Debug;
		};
		1B309DFA2200333800535245 /* Release */ = {
			isa = XCBuildConfiguration;
			buildSettings = {
				ALWAYS_EMBED_SWIFT_STANDARD_LIBRARIES = YES;
				BUNDLE_LOADER = "$(TEST_HOST)";
				CODE_SIGN_STYLE = Automatic;
				DEVELOPMENT_TEAM = 9ANM49J4VY;
				INFOPLIST_FILE = "DS-ALGOTests/Info.plist";
				LD_RUNPATH_SEARCH_PATHS = (
					"$(inherited)",
					"@executable_path/Frameworks",
					"@loader_path/Frameworks",
				);
				PRODUCT_BUNDLE_IDENTIFIER = "Viacom.DS-ALGOTests";
				PRODUCT_NAME = "$(TARGET_NAME)";
				SWIFT_VERSION = 4.2;
				TARGETED_DEVICE_FAMILY = "1,2";
				TEST_HOST = "$(BUILT_PRODUCTS_DIR)/DS-ALGO.app/DS-ALGO";
			};
			name = Release;
		};
		1B309DFC2200333800535245 /* Debug */ = {
			isa = XCBuildConfiguration;
			buildSettings = {
				ALWAYS_EMBED_SWIFT_STANDARD_LIBRARIES = YES;
				CODE_SIGN_STYLE = Automatic;
				DEVELOPMENT_TEAM = 9ANM49J4VY;
				INFOPLIST_FILE = "DS-ALGOUITests/Info.plist";
				LD_RUNPATH_SEARCH_PATHS = (
					"$(inherited)",
					"@executable_path/Frameworks",
					"@loader_path/Frameworks",
				);
				PRODUCT_BUNDLE_IDENTIFIER = "Viacom.DS-ALGOUITests";
				PRODUCT_NAME = "$(TARGET_NAME)";
				SWIFT_VERSION = 4.2;
				TARGETED_DEVICE_FAMILY = "1,2";
				TEST_TARGET_NAME = "DS-ALGO";
			};
			name = Debug;
		};
		1B309DFD2200333800535245 /* Release */ = {
			isa = XCBuildConfiguration;
			buildSettings = {
				ALWAYS_EMBED_SWIFT_STANDARD_LIBRARIES = YES;
				CODE_SIGN_STYLE = Automatic;
				DEVELOPMENT_TEAM = 9ANM49J4VY;
				INFOPLIST_FILE = "DS-ALGOUITests/Info.plist";
				LD_RUNPATH_SEARCH_PATHS = (
					"$(inherited)",
					"@executable_path/Frameworks",
					"@loader_path/Frameworks",
				);
				PRODUCT_BUNDLE_IDENTIFIER = "Viacom.DS-ALGOUITests";
				PRODUCT_NAME = "$(TARGET_NAME)";
				SWIFT_VERSION = 4.2;
				TARGETED_DEVICE_FAMILY = "1,2";
				TEST_TARGET_NAME = "DS-ALGO";
			};
			name = Release;
		};
/* End XCBuildConfiguration section */

/* Begin XCConfigurationList section */
		1B309DC82200333600535245 /* Build configuration list for PBXProject "DS-ALGO" */ = {
			isa = XCConfigurationList;
			buildConfigurations = (
				1B309DF32200333800535245 /* Debug */,
				1B309DF42200333800535245 /* Release */,
			);
			defaultConfigurationIsVisible = 0;
			defaultConfigurationName = Release;
		};
		1B309DF52200333800535245 /* Build configuration list for PBXNativeTarget "DS-ALGO" */ = {
			isa = XCConfigurationList;
			buildConfigurations = (
				1B309DF62200333800535245 /* Debug */,
				1B309DF72200333800535245 /* Release */,
			);
			defaultConfigurationIsVisible = 0;
			defaultConfigurationName = Release;
		};
		1B309DF82200333800535245 /* Build configuration list for PBXNativeTarget "DS-ALGOTests" */ = {
			isa = XCConfigurationList;
			buildConfigurations = (
				1B309DF92200333800535245 /* Debug */,
				1B309DFA2200333800535245 /* Release */,
			);
			defaultConfigurationIsVisible = 0;
			defaultConfigurationName = Release;
		};
		1B309DFB2200333800535245 /* Build configuration list for PBXNativeTarget "DS-ALGOUITests" */ = {
			isa = XCConfigurationList;
			buildConfigurations = (
				1B309DFC2200333800535245 /* Debug */,
				1B309DFD2200333800535245 /* Release */,
			);
			defaultConfigurationIsVisible = 0;
			defaultConfigurationName = Release;
		};
/* End XCConfigurationList section */
	};
	rootObject = 1B309DC52200333600535245 /* Project object */;
}
